// !$*UTF8*$!
{
	archiveVersion = 1;
	classes = {
	};
	objectVersion = 55;
	objects = {

/* Begin PBXBuildFile section */
		656546EB279CB8ED00137CEC /* NoteSheet.swift in Sources */ = {isa = PBXBuildFile; fileRef = 656546EA279CB8ED00137CEC /* NoteSheet.swift */; };
		6597A1AC279D0F9600773EFC /* MultipeerSession.swift in Sources */ = {isa = PBXBuildFile; fileRef = 6597A1AB279D0F9600773EFC /* MultipeerSession.swift */; };
		6597A1B2279D38F300773EFC /* Utilities.swift in Sources */ = {isa = PBXBuildFile; fileRef = 6597A1B1279D38F300773EFC /* Utilities.swift */; };
		65CB524E279C53A0000B5F05 /* AppDelegate.swift in Sources */ = {isa = PBXBuildFile; fileRef = 65CB524D279C53A0000B5F05 /* AppDelegate.swift */; };
		65CB5254279C53A1000B5F05 /* Assets.xcassets in Resources */ = {isa = PBXBuildFile; fileRef = 65CB5253279C53A1000B5F05 /* Assets.xcassets */; };
		65CB5257279C53A1000B5F05 /* Preview Assets.xcassets in Resources */ = {isa = PBXBuildFile; fileRef = 65CB5256279C53A1000B5F05 /* Preview Assets.xcassets */; };
		65CB525E279C57DA000B5F05 /* ARViewContainer.swift in Sources */ = {isa = PBXBuildFile; fileRef = 65CB525D279C57DA000B5F05 /* ARViewContainer.swift */; };
		BF3CD5A7279C740A008E1064 /* Starscream in Frameworks */ = {isa = PBXBuildFile; productRef = BF3CD5A6279C740A008E1064 /* Starscream */; };
		BF3CD5A9279C94E5008E1064 /* AirNoteModel.swift in Sources */ = {isa = PBXBuildFile; fileRef = BF3CD5A8279C94E5008E1064 /* AirNoteModel.swift */; };
		BF3CD5AB279C95EE008E1064 /* AirNoteDocument.swift in Sources */ = {isa = PBXBuildFile; fileRef = BF3CD5AA279C95EE008E1064 /* AirNoteDocument.swift */; };
		BF3CD5AD279C9DBB008E1064 /* ContentView.swift in Sources */ = {isa = PBXBuildFile; fileRef = BF3CD5AC279C9DBB008E1064 /* ContentView.swift */; };
		CFB485CC279CE32900440DAF /* Experience.rcproject in Sources */ = {isa = PBXBuildFile; fileRef = CFB485CB279CE32900440DAF /* Experience.rcproject */; };
/* End PBXBuildFile section */

/* Begin PBXFileReference section */
		656546EA279CB8ED00137CEC /* NoteSheet.swift */ = {isa = PBXFileReference; lastKnownFileType = sourcecode.swift; path = NoteSheet.swift; sourceTree = "<group>"; };
		6597A1AB279D0F9600773EFC /* MultipeerSession.swift */ = {isa = PBXFileReference; lastKnownFileType = sourcecode.swift; path = MultipeerSession.swift; sourceTree = "<group>"; };
		6597A1B1279D38F300773EFC /* Utilities.swift */ = {isa = PBXFileReference; lastKnownFileType = sourcecode.swift; path = Utilities.swift; sourceTree = "<group>"; };
		65CB524A279C53A0000B5F05 /* Airnote.app */ = {isa = PBXFileReference; explicitFileType = wrapper.application; includeInIndex = 0; path = Airnote.app; sourceTree = BUILT_PRODUCTS_DIR; };
		65CB524D279C53A0000B5F05 /* AppDelegate.swift */ = {isa = PBXFileReference; lastKnownFileType = sourcecode.swift; path = AppDelegate.swift; sourceTree = "<group>"; };
		65CB5253279C53A1000B5F05 /* Assets.xcassets */ = {isa = PBXFileReference; lastKnownFileType = folder.assetcatalog; path = Assets.xcassets; sourceTree = "<group>"; };
		65CB5256279C53A1000B5F05 /* Preview Assets.xcassets */ = {isa = PBXFileReference; lastKnownFileType = folder.assetcatalog; path = "Preview Assets.xcassets"; sourceTree = "<group>"; };
		65CB525D279C57DA000B5F05 /* ARViewContainer.swift */ = {isa = PBXFileReference; lastKnownFileType = sourcecode.swift; path = ARViewContainer.swift; sourceTree = "<group>"; };
		BF3CD5A8279C94E5008E1064 /* AirNoteModel.swift */ = {isa = PBXFileReference; lastKnownFileType = sourcecode.swift; path = AirNoteModel.swift; sourceTree = "<group>"; };
		BF3CD5AA279C95EE008E1064 /* AirNoteDocument.swift */ = {isa = PBXFileReference; lastKnownFileType = sourcecode.swift; path = AirNoteDocument.swift; sourceTree = "<group>"; };
		BF3CD5AC279C9DBB008E1064 /* ContentView.swift */ = {isa = PBXFileReference; lastKnownFileType = sourcecode.swift; path = ContentView.swift; sourceTree = "<group>"; };
		CFB485CB279CE32900440DAF /* Experience.rcproject */ = {isa = PBXFileReference; lastKnownFileType = file.rcproject; path = Experience.rcproject; sourceTree = "<group>"; };
		CFB485D3279CF82500440DAF /* Info.plist */ = {isa = PBXFileReference; lastKnownFileType = text.plist; path = Info.plist; sourceTree = "<group>"; };
/* End PBXFileReference section */

/* Begin PBXFrameworksBuildPhase section */
		65CB5247279C53A0000B5F05 /* Frameworks */ = {
			isa = PBXFrameworksBuildPhase;
			buildActionMask = 2147483647;
			files = (
				BF3CD5A7279C740A008E1064 /* Starscream in Frameworks */,
			);
			runOnlyForDeploymentPostprocessing = 0;
		};
/* End PBXFrameworksBuildPhase section */

/* Begin PBXGroup section */
		65CB5241279C53A0000B5F05 = {
			isa = PBXGroup;
			children = (
				65CB524C279C53A0000B5F05 /* Airnote */,
				65CB524B279C53A0000B5F05 /* Products */,
			);
			sourceTree = "<group>";
		};
		65CB524B279C53A0000B5F05 /* Products */ = {
			isa = PBXGroup;
			children = (
				65CB524A279C53A0000B5F05 /* Airnote.app */,
			);
			name = Products;
			sourceTree = "<group>";
		};
		65CB524C279C53A0000B5F05 /* Airnote */ = {
			isa = PBXGroup;
			children = (
				CFB485D3279CF82500440DAF /* Info.plist */,
				CFB485CB279CE32900440DAF /* Experience.rcproject */,
				65CB524D279C53A0000B5F05 /* AppDelegate.swift */,
				BF3CD5AC279C9DBB008E1064 /* ContentView.swift */,
				BF3CD5A8279C94E5008E1064 /* AirNoteModel.swift */,
				BF3CD5AA279C95EE008E1064 /* AirNoteDocument.swift */,
				65CB5253279C53A1000B5F05 /* Assets.xcassets */,
				65CB5255279C53A1000B5F05 /* Preview Content */,
				65CB525D279C57DA000B5F05 /* ARViewContainer.swift */,
				656546EA279CB8ED00137CEC /* NoteSheet.swift */,
				6597A1AB279D0F9600773EFC /* MultipeerSession.swift */,
				6597A1B1279D38F300773EFC /* Utilities.swift */,
			);
			path = Airnote;
			sourceTree = "<group>";
		};
		65CB5255279C53A1000B5F05 /* Preview Content */ = {
			isa = PBXGroup;
			children = (
				65CB5256279C53A1000B5F05 /* Preview Assets.xcassets */,
			);
			path = "Preview Content";
			sourceTree = "<group>";
		};
/* End PBXGroup section */

/* Begin PBXNativeTarget section */
		65CB5249279C53A0000B5F05 /* Airnote */ = {
			isa = PBXNativeTarget;
			buildConfigurationList = 65CB525A279C53A1000B5F05 /* Build configuration list for PBXNativeTarget "Airnote" */;
			buildPhases = (
				65CB5246279C53A0000B5F05 /* Sources */,
				65CB5247279C53A0000B5F05 /* Frameworks */,
				65CB5248279C53A0000B5F05 /* Resources */,
			);
			buildRules = (
			);
			dependencies = (
			);
			name = Airnote;
			packageProductDependencies = (
				BF3CD5A6279C740A008E1064 /* Starscream */,
			);
			productName = Airnote;
			productReference = 65CB524A279C53A0000B5F05 /* Airnote.app */;
			productType = "com.apple.product-type.application";
		};
/* End PBXNativeTarget section */

/* Begin PBXProject section */
		65CB5242279C53A0000B5F05 /* Project object */ = {
			isa = PBXProject;
			attributes = {
				BuildIndependentTargetsInParallel = 1;
				LastSwiftUpdateCheck = 1320;
				LastUpgradeCheck = 1320;
				TargetAttributes = {
					65CB5249279C53A0000B5F05 = {
						CreatedOnToolsVersion = 13.2.1;
					};
				};
			};
			buildConfigurationList = 65CB5245279C53A0000B5F05 /* Build configuration list for PBXProject "Airnote" */;
			compatibilityVersion = "Xcode 13.0";
			developmentRegion = en;
			hasScannedForEncodings = 0;
			knownRegions = (
				en,
				Base,
			);
			mainGroup = 65CB5241279C53A0000B5F05;
			packageReferences = (
				BF3CD5A5279C740A008E1064 /* XCRemoteSwiftPackageReference "Starscream" */,
			);
			productRefGroup = 65CB524B279C53A0000B5F05 /* Products */;
			projectDirPath = "";
			projectRoot = "";
			targets = (
				65CB5249279C53A0000B5F05 /* Airnote */,
			);
		};
/* End PBXProject section */

/* Begin PBXResourcesBuildPhase section */
		65CB5248279C53A0000B5F05 /* Resources */ = {
			isa = PBXResourcesBuildPhase;
			buildActionMask = 2147483647;
			files = (
				65CB5257279C53A1000B5F05 /* Preview Assets.xcassets in Resources */,
				65CB5254279C53A1000B5F05 /* Assets.xcassets in Resources */,
			);
			runOnlyForDeploymentPostprocessing = 0;
		};
/* End PBXResourcesBuildPhase section */

/* Begin PBXSourcesBuildPhase section */
		65CB5246279C53A0000B5F05 /* Sources */ = {
			isa = PBXSourcesBuildPhase;
			buildActionMask = 2147483647;
			files = (
				656546EB279CB8ED00137CEC /* NoteSheet.swift in Sources */,
				BF3CD5AD279C9DBB008E1064 /* ContentView.swift in Sources */,
				CFB485CC279CE32900440DAF /* Experience.rcproject in Sources */,
				BF3CD5AB279C95EE008E1064 /* AirNoteDocument.swift in Sources */,
				6597A1AC279D0F9600773EFC /* MultipeerSession.swift in Sources */,
				65CB525E279C57DA000B5F05 /* ARViewContainer.swift in Sources */,
				6597A1B2279D38F300773EFC /* Utilities.swift in Sources */,
				BF3CD5A9279C94E5008E1064 /* AirNoteModel.swift in Sources */,
				65CB524E279C53A0000B5F05 /* AppDelegate.swift in Sources */,
			);
			runOnlyForDeploymentPostprocessing = 0;
		};
/* End PBXSourcesBuildPhase section */

/* Begin XCBuildConfiguration section */
		65CB5258279C53A1000B5F05 /* Debug */ = {
			isa = XCBuildConfiguration;
			buildSettings = {
				ALWAYS_SEARCH_USER_PATHS = NO;
				CLANG_ANALYZER_NONNULL = YES;
				CLANG_ANALYZER_NUMBER_OBJECT_CONVERSION = YES_AGGRESSIVE;
				CLANG_CXX_LANGUAGE_STANDARD = "gnu++17";
				CLANG_CXX_LIBRARY = "libc++";
				CLANG_ENABLE_MODULES = YES;
				CLANG_ENABLE_OBJC_ARC = YES;
				CLANG_ENABLE_OBJC_WEAK = YES;
				CLANG_WARN_BLOCK_CAPTURE_AUTORELEASING = YES;
				CLANG_WARN_BOOL_CONVERSION = YES;
				CLANG_WARN_COMMA = YES;
				CLANG_WARN_CONSTANT_CONVERSION = YES;
				CLANG_WARN_DEPRECATED_OBJC_IMPLEMENTATIONS = YES;
				CLANG_WARN_DIRECT_OBJC_ISA_USAGE = YES_ERROR;
				CLANG_WARN_DOCUMENTATION_COMMENTS = YES;
				CLANG_WARN_EMPTY_BODY = YES;
				CLANG_WARN_ENUM_CONVERSION = YES;
				CLANG_WARN_INFINITE_RECURSION = YES;
				CLANG_WARN_INT_CONVERSION = YES;
				CLANG_WARN_NON_LITERAL_NULL_CONVERSION = YES;
				CLANG_WARN_OBJC_IMPLICIT_RETAIN_SELF = YES;
				CLANG_WARN_OBJC_LITERAL_CONVERSION = YES;
				CLANG_WARN_OBJC_ROOT_CLASS = YES_ERROR;
				CLANG_WARN_QUOTED_INCLUDE_IN_FRAMEWORK_HEADER = YES;
				CLANG_WARN_RANGE_LOOP_ANALYSIS = YES;
				CLANG_WARN_STRICT_PROTOTYPES = YES;
				CLANG_WARN_SUSPICIOUS_MOVE = YES;
				CLANG_WARN_UNGUARDED_AVAILABILITY = YES_AGGRESSIVE;
				CLANG_WARN_UNREACHABLE_CODE = YES;
				CLANG_WARN__DUPLICATE_METHOD_MATCH = YES;
				COPY_PHASE_STRIP = NO;
				DEBUG_INFORMATION_FORMAT = dwarf;
				DEVELOPMENT_TEAM = S9V3P3QHB4;
				ENABLE_STRICT_OBJC_MSGSEND = YES;
				ENABLE_TESTABILITY = YES;
				GCC_C_LANGUAGE_STANDARD = gnu11;
				GCC_DYNAMIC_NO_PIC = NO;
				GCC_NO_COMMON_BLOCKS = YES;
				GCC_OPTIMIZATION_LEVEL = 0;
				GCC_PREPROCESSOR_DEFINITIONS = (
					"DEBUG=1",
					"$(inherited)",
				);
				GCC_WARN_64_TO_32_BIT_CONVERSION = YES;
				GCC_WARN_ABOUT_RETURN_TYPE = YES_ERROR;
				GCC_WARN_UNDECLARED_SELECTOR = YES;
				GCC_WARN_UNINITIALIZED_AUTOS = YES_AGGRESSIVE;
				GCC_WARN_UNUSED_FUNCTION = YES;
				GCC_WARN_UNUSED_VARIABLE = YES;
				IPHONEOS_DEPLOYMENT_TARGET = 15.0;
				MTL_ENABLE_DEBUG_INFO = INCLUDE_SOURCE;
				MTL_FAST_MATH = YES;
				ONLY_ACTIVE_ARCH = YES;
				SDKROOT = iphoneos;
				SWIFT_ACTIVE_COMPILATION_CONDITIONS = DEBUG;
				SWIFT_OPTIMIZATION_LEVEL = "-Onone";
			};
			name = Debug;
		};
		65CB5259279C53A1000B5F05 /* Release */ = {
			isa = XCBuildConfiguration;
			buildSettings = {
				ALWAYS_SEARCH_USER_PATHS = NO;
				CLANG_ANALYZER_NONNULL = YES;
				CLANG_ANALYZER_NUMBER_OBJECT_CONVERSION = YES_AGGRESSIVE;
				CLANG_CXX_LANGUAGE_STANDARD = "gnu++17";
				CLANG_CXX_LIBRARY = "libc++";
				CLANG_ENABLE_MODULES = YES;
				CLANG_ENABLE_OBJC_ARC = YES;
				CLANG_ENABLE_OBJC_WEAK = YES;
				CLANG_WARN_BLOCK_CAPTURE_AUTORELEASING = YES;
				CLANG_WARN_BOOL_CONVERSION = YES;
				CLANG_WARN_COMMA = YES;
				CLANG_WARN_CONSTANT_CONVERSION = YES;
				CLANG_WARN_DEPRECATED_OBJC_IMPLEMENTATIONS = YES;
				CLANG_WARN_DIRECT_OBJC_ISA_USAGE = YES_ERROR;
				CLANG_WARN_DOCUMENTATION_COMMENTS = YES;
				CLANG_WARN_EMPTY_BODY = YES;
				CLANG_WARN_ENUM_CONVERSION = YES;
				CLANG_WARN_INFINITE_RECURSION = YES;
				CLANG_WARN_INT_CONVERSION = YES;
				CLANG_WARN_NON_LITERAL_NULL_CONVERSION = YES;
				CLANG_WARN_OBJC_IMPLICIT_RETAIN_SELF = YES;
				CLANG_WARN_OBJC_LITERAL_CONVERSION = YES;
				CLANG_WARN_OBJC_ROOT_CLASS = YES_ERROR;
				CLANG_WARN_QUOTED_INCLUDE_IN_FRAMEWORK_HEADER = YES;
				CLANG_WARN_RANGE_LOOP_ANALYSIS = YES;
				CLANG_WARN_STRICT_PROTOTYPES = YES;
				CLANG_WARN_SUSPICIOUS_MOVE = YES;
				CLANG_WARN_UNGUARDED_AVAILABILITY = YES_AGGRESSIVE;
				CLANG_WARN_UNREACHABLE_CODE = YES;
				CLANG_WARN__DUPLICATE_METHOD_MATCH = YES;
				COPY_PHASE_STRIP = NO;
				DEBUG_INFORMATION_FORMAT = "dwarf-with-dsym";
				DEVELOPMENT_TEAM = S9V3P3QHB4;
				ENABLE_NS_ASSERTIONS = NO;
				ENABLE_STRICT_OBJC_MSGSEND = YES;
				GCC_C_LANGUAGE_STANDARD = gnu11;
				GCC_NO_COMMON_BLOCKS = YES;
				GCC_WARN_64_TO_32_BIT_CONVERSION = YES;
				GCC_WARN_ABOUT_RETURN_TYPE = YES_ERROR;
				GCC_WARN_UNDECLARED_SELECTOR = YES;
				GCC_WARN_UNINITIALIZED_AUTOS = YES_AGGRESSIVE;
				GCC_WARN_UNUSED_FUNCTION = YES;
				GCC_WARN_UNUSED_VARIABLE = YES;
				IPHONEOS_DEPLOYMENT_TARGET = 15.0;
				MTL_ENABLE_DEBUG_INFO = NO;
				MTL_FAST_MATH = YES;
				SDKROOT = iphoneos;
				SWIFT_COMPILATION_MODE = wholemodule;
				SWIFT_OPTIMIZATION_LEVEL = "-O";
				VALIDATE_PRODUCT = YES;
			};
			name = Release;
		};
		65CB525B279C53A1000B5F05 /* Debug */ = {
			isa = XCBuildConfiguration;
			buildSettings = {
				ASSETCATALOG_COMPILER_APPICON_NAME = AppIcon;
				ASSETCATALOG_COMPILER_GLOBAL_ACCENT_COLOR_NAME = AccentColor;
				CODE_SIGN_IDENTITY = "Apple Development";
				CODE_SIGN_STYLE = Automatic;
				CURRENT_PROJECT_VERSION = 1;
				DEVELOPMENT_ASSET_PATHS = "\"Airnote/Preview Content\"";
				DEVELOPMENT_TEAM = Q76T4L8CYR;
				ENABLE_PREVIEWS = YES;
				GENERATE_INFOPLIST_FILE = YES;
				INFOPLIST_FILE = Airnote/Info.plist;
				INFOPLIST_KEY_NSCameraUsageDescription = "";
				INFOPLIST_KEY_NSLocalNetworkUsageDescription = "We scan devices on your local network to start a collaborative session.";
				INFOPLIST_KEY_NSMicrophoneUsageDescription = "for transcripting";
				INFOPLIST_KEY_UIApplicationSupportsIndirectInputEvents = YES;
				INFOPLIST_KEY_UILaunchScreen_Generation = YES;
				INFOPLIST_KEY_UIRequiredDeviceCapabilities = arkit;
				INFOPLIST_KEY_UIStatusBarHidden = YES;
				INFOPLIST_KEY_UISupportedInterfaceOrientations_iPad = "UIInterfaceOrientationPortrait UIInterfaceOrientationPortraitUpsideDown UIInterfaceOrientationLandscapeLeft UIInterfaceOrientationLandscapeRight";
				INFOPLIST_KEY_UISupportedInterfaceOrientations_iPhone = "UIInterfaceOrientationPortrait UIInterfaceOrientationLandscapeLeft UIInterfaceOrientationLandscapeRight";
				LD_RUNPATH_SEARCH_PATHS = (
					"$(inherited)",
					"@executable_path/Frameworks",
				);
				MARKETING_VERSION = 1.0;
				PRODUCT_BUNDLE_IDENTIFIER = com.lambda.airnote;
				PRODUCT_NAME = "$(TARGET_NAME)";
				PROVISIONING_PROFILE_SPECIFIER = "";
				SWIFT_EMIT_LOC_STRINGS = YES;
				SWIFT_VERSION = 5.0;
				TARGETED_DEVICE_FAMILY = "1,2";
			};
			name = Debug;
		};
		65CB525C279C53A1000B5F05 /* Release */ = {
			isa = XCBuildConfiguration;
			buildSettings = {
				ASSETCATALOG_COMPILER_APPICON_NAME = AppIcon;
				ASSETCATALOG_COMPILER_GLOBAL_ACCENT_COLOR_NAME = AccentColor;
				CODE_SIGN_IDENTITY = "Apple Development";
				CODE_SIGN_STYLE = Automatic;
				CURRENT_PROJECT_VERSION = 1;
				DEVELOPMENT_ASSET_PATHS = "\"Airnote/Preview Content\"";
				DEVELOPMENT_TEAM = Q76T4L8CYR;
				ENABLE_PREVIEWS = YES;
				GENERATE_INFOPLIST_FILE = YES;
				INFOPLIST_FILE = Airnote/Info.plist;
				INFOPLIST_KEY_NSCameraUsageDescription = "";
				INFOPLIST_KEY_NSLocalNetworkUsageDescription = "We scan devices on your local network to start a collaborative session.";
				INFOPLIST_KEY_NSMicrophoneUsageDescription = "for transcripting";
				INFOPLIST_KEY_UIApplicationSupportsIndirectInputEvents = YES;
				INFOPLIST_KEY_UILaunchScreen_Generation = YES;
				INFOPLIST_KEY_UIRequiredDeviceCapabilities = arkit;
				INFOPLIST_KEY_UIStatusBarHidden = YES;
				INFOPLIST_KEY_UISupportedInterfaceOrientations_iPad = "UIInterfaceOrientationPortrait UIInterfaceOrientationPortraitUpsideDown UIInterfaceOrientationLandscapeLeft UIInterfaceOrientationLandscapeRight";
				INFOPLIST_KEY_UISupportedInterfaceOrientations_iPhone = "UIInterfaceOrientationPortrait UIInterfaceOrientationLandscapeLeft UIInterfaceOrientationLandscapeRight";
				LD_RUNPATH_SEARCH_PATHS = (
					"$(inherited)",
					"@executable_path/Frameworks",
				);
				MARKETING_VERSION = 1.0;
				PRODUCT_BUNDLE_IDENTIFIER = com.lambda.airnote;
				PRODUCT_NAME = "$(TARGET_NAME)";
				PROVISIONING_PROFILE_SPECIFIER = "";
				SWIFT_EMIT_LOC_STRINGS = YES;
				SWIFT_VERSION = 5.0;
				TARGETED_DEVICE_FAMILY = "1,2";
			};
			name = Release;
		};
/* End XCBuildConfiguration section */

/* Begin XCConfigurationList section */
		65CB5245279C53A0000B5F05 /* Build configuration list for PBXProject "Airnote" */ = {
			isa = XCConfigurationList;
			buildConfigurations = (
				65CB5258279C53A1000B5F05 /* Debug */,
				65CB5259279C53A1000B5F05 /* Release */,
			);
			defaultConfigurationIsVisible = 0;
			defaultConfigurationName = Release;
		};
		65CB525A279C53A1000B5F05 /* Build configuration list for PBXNativeTarget "Airnote" */ = {
			isa = XCConfigurationList;
			buildConfigurations = (
				65CB525B279C53A1000B5F05 /* Debug */,
				65CB525C279C53A1000B5F05 /* Release */,
			);
			defaultConfigurationIsVisible = 0;
			defaultConfigurationName = Release;
		};
/* End XCConfigurationList section */

/* Begin XCRemoteSwiftPackageReference section */
		BF3CD5A5279C740A008E1064 /* XCRemoteSwiftPackageReference "Starscream" */ = {
			isa = XCRemoteSwiftPackageReference;
			repositoryURL = "https://github.com/daltoniam/Starscream";
			requirement = {
				kind = upToNextMajorVersion;
				minimumVersion = 4.0.0;
			};
		};
/* End XCRemoteSwiftPackageReference section */

/* Begin XCSwiftPackageProductDependency section */
		BF3CD5A6279C740A008E1064 /* Starscream */ = {
			isa = XCSwiftPackageProductDependency;
			package = BF3CD5A5279C740A008E1064 /* XCRemoteSwiftPackageReference "Starscream" */;
			productName = Starscream;
		};
/* End XCSwiftPackageProductDependency section */
	};
	rootObject = 65CB5242279C53A0000B5F05 /* Project object */;
}
